
Microsoft Visual Studio Solution File, Format Version 12.00
# Visual Studio Version 17
VisualStudioVersion = 17.5.002.0
MinimumVisualStudioVersion = 10.0.40219.1
Project("{2150E333-8FDC-42A3-9474-1A3956D46DE8}") = "csharp-prep", "csharp-prep", "{D0A09808-82B2-4D8A-9AE1-A7309BEB8F0E}"
EndProject
Project("{9A19103F-16F7-4668-BE54-9A1E7A4F7556}") = "Prep1", "csharp-prep\Prep1\Prep1.csproj", "{830DA56A-2E6C-43F2-8944-DB20BC8C33D0}"
EndProject
Project("{9A19103F-16F7-4668-BE54-9A1E7A4F7556}") = "Prep2", "csharp-prep\Prep2\Prep2.csproj", "{258080F9-F8A2-48F8-A5AE-0D767A0D98EC}"
EndProject
Project("{9A19103F-16F7-4668-BE54-9A1E7A4F7556}") = "Prep3", "csharp-prep\Prep3\Prep3.csproj", "{E41B3986-6FC4-4092-93EC-5E64BBA36C96}"
EndProject
Project("{9A19103F-16F7-4668-BE54-9A1E7A4F7556}") = "Prep4", "csharp-prep\Prep4\Prep4.csproj", "{AB883915-6984-4306-BD85-4182B58A1A1C}"
EndProject
Project("{9A19103F-16F7-4668-BE54-9A1E7A4F7556}") = "Prep5", "csharp-prep\Prep5\Prep5.csproj", "{C1B36B1A-9A68-4DED-BDE9-023D7C25E129}"
EndProject
Project("{2150E333-8FDC-42A3-9474-1A3956D46DE8}") = "final", "final", "{F960F86B-D3B3-47F9-B968-CB7BECE21205}"
EndProject
Project("{9A19103F-16F7-4668-BE54-9A1E7A4F7556}") = "FinalProject", "final\FinalProject\FinalProject.csproj", "{895EE3DF-0361-4775-9081-DB75D5597D19}"
EndProject
Project("{9A19103F-16F7-4668-BE54-9A1E7A4F7556}") = "Foundation1", "final\Foundation1\Foundation1.csproj", "{6A88B44B-C2E3-4C17-9E1D-E6B40E11C405}"
EndProject
Project("{9A19103F-16F7-4668-BE54-9A1E7A4F7556}") = "Foundation2", "final\Foundation2\Foundation2.csproj", "{E70B64D8-3F9F-4EA0-B96C-83E6A9493CEF}"
EndProject
Project("{9A19103F-16F7-4668-BE54-9A1E7A4F7556}") = "Foundation3", "final\Foundation3\Foundation3.csproj", "{8D09982F-3FD3-4697-8974-F881D782FD9C}"
EndProject
Project("{9A19103F-16F7-4668-BE54-9A1E7A4F7556}") = "Foundation4", "final\Foundation4\Foundation4.csproj", "{69585104-C06B-4C55-8A0A-71008D15087E}"
EndProject
Project("{2150E333-8FDC-42A3-9474-1A3956D46DE8}") = "prepare", "prepare", "{0A332AF1-40D0-4519-A842-49BBFDC6FD20}"
EndProject
Project("{9A19103F-16F7-4668-BE54-9A1E7A4F7556}") = "Learning02", "prepare\Learning02\Learning02.csproj", "{C753252D-79A2-489F-B719-AB4399938177}"
EndProject
Project("{9A19103F-16F7-4668-BE54-9A1E7A4F7556}") = "Learning03", "prepare\Learning03\Learning03.csproj", "{944A1363-359A-405D-91BE-893A8378863B}"
EndProject
Project("{9A19103F-16F7-4668-BE54-9A1E7A4F7556}") = "Learning04", "prepare\Learning04\Learning04.csproj", "{BB1EB05C-855A-4731-B9BA-328C41EA7C01}"
EndProject
Project("{9A19103F-16F7-4668-BE54-9A1E7A4F7556}") = "Learning05", "prepare\Learning05\Learning05.csproj", "{9866625D-A0E4-41DC-A3EF-E0AA468BA581}"
EndProject
Project("{2150E333-8FDC-42A3-9474-1A3956D46DE8}") = "prove", "prove", "{E737F9DA-CEC6-4ED9-8A4F-18638DC7410E}"
EndProject
Project("{9A19103F-16F7-4668-BE54-9A1E7A4F7556}") = "Develop02", "prove\Develop02\Develop02.csproj", "{D116BF5B-24A1-4516-8A2A-B4CBB021C8BF}"
EndProject
Project("{9A19103F-16F7-4668-BE54-9A1E7A4F7556}") = "Develop03", "prove\Develop03\Develop03.csproj", "{127C569C-98C9-48AC-93BF-C1319E87A713}"
EndProject
Project("{9A19103F-16F7-4668-BE54-9A1E7A4F7556}") = "Develop04", "prove\Develop04\Develop04.csproj", "{755A26EB-0140-4918-95DA-5ADE7DF88BDD}"
EndProject
Project("{9A19103F-16F7-4668-BE54-9A1E7A4F7556}") = "Develop05", "prove\Develop05\Develop05.csproj", "{B09BDE70-C458-4743-88C9-A730C66CA974}"
EndProject
Project("{2150E333-8FDC-42A3-9474-1A3956D46DE8}") = "sandbox", "sandbox", "{7736FFF5-C5D8-42AA-B104-AAED5A3844A4}"
EndProject
Project("{9A19103F-16F7-4668-BE54-9A1E7A4F7556}") = "Sandbox", "sandbox\Sandbox\Sandbox.csproj", "{1891CA8E-CE90-4AED-B9DD-3064F0945CA0}"
EndProject
Global
	GlobalSection(SolutionConfigurationPlatforms) = preSolution
		Debug|Any CPU = Debug|Any CPU
		Release|Any CPU = Release|Any CPU
	EndGlobalSection
	GlobalSection(ProjectConfigurationPlatforms) = postSolution
		{830DA56A-2E6C-43F2-8944-DB20BC8C33D0}.Debug|Any CPU.ActiveCfg = Debug|Any CPU
		{830DA56A-2E6C-43F2-8944-DB20BC8C33D0}.Debug|Any CPU.Build.0 = Debug|Any CPU
		{830DA56A-2E6C-43F2-8944-DB20BC8C33D0}.Release|Any CPU.ActiveCfg = Release|Any CPU
		{830DA56A-2E6C-43F2-8944-DB20BC8C33D0}.Release|Any CPU.Build.0 = Release|Any CPU
		{258080F9-F8A2-48F8-A5AE-0D767A0D98EC}.Debug|Any CPU.ActiveCfg = Debug|Any CPU
		{258080F9-F8A2-48F8-A5AE-0D767A0D98EC}.Debug|Any CPU.Build.0 = Debug|Any CPU
		{258080F9-F8A2-48F8-A5AE-0D767A0D98EC}.Release|Any CPU.ActiveCfg = Release|Any CPU
		{258080F9-F8A2-48F8-A5AE-0D767A0D98EC}.Release|Any CPU.Build.0 = Release|Any CPU
		{E41B3986-6FC4-4092-93EC-5E64BBA36C96}.Debug|Any CPU.ActiveCfg = Debug|Any CPU
		{E41B3986-6FC4-4092-93EC-5E64BBA36C96}.Debug|Any CPU.Build.0 = Debug|Any CPU
		{E41B3986-6FC4-4092-93EC-5E64BBA36C96}.Release|Any CPU.ActiveCfg = Release|Any CPU
		{E41B3986-6FC4-4092-93EC-5E64BBA36C96}.Release|Any CPU.Build.0 = Release|Any CPU
		{AB883915-6984-4306-BD85-4182B58A1A1C}.Debug|Any CPU.ActiveCfg = Debug|Any CPU
		{AB883915-6984-4306-BD85-4182B58A1A1C}.Debug|Any CPU.Build.0 = Debug|Any CPU
		{AB883915-6984-4306-BD85-4182B58A1A1C}.Release|Any CPU.ActiveCfg = Release|Any CPU
		{AB883915-6984-4306-BD85-4182B58A1A1C}.Release|Any CPU.Build.0 = Release|Any CPU
		{C1B36B1A-9A68-4DED-BDE9-023D7C25E129}.Debug|Any CPU.ActiveCfg = Debug|Any CPU
		{C1B36B1A-9A68-4DED-BDE9-023D7C25E129}.Debug|Any CPU.Build.0 = Debug|Any CPU
		{C1B36B1A-9A68-4DED-BDE9-023D7C25E129}.Release|Any CPU.ActiveCfg = Release|Any CPU
		{C1B36B1A-9A68-4DED-BDE9-023D7C25E129}.Release|Any CPU.Build.0 = Release|Any CPU
		{895EE3DF-0361-4775-9081-DB75D5597D19}.Debug|Any CPU.ActiveCfg = Debug|Any CPU
		{895EE3DF-0361-4775-9081-DB75D5597D19}.Debug|Any CPU.Build.0 = Debug|Any CPU
		{895EE3DF-0361-4775-9081-DB75D5597D19}.Release|Any CPU.ActiveCfg = Release|Any CPU
		{895EE3DF-0361-4775-9081-DB75D5597D19}.Release|Any CPU.Build.0 = Release|Any CPU
		{6A88B44B-C2E3-4C17-9E1D-E6B40E11C405}.Debug|Any CPU.ActiveCfg = Debug|Any CPU
		{6A88B44B-C2E3-4C17-9E1D-E6B40E11C405}.Debug|Any CPU.Build.0 = Debug|Any CPU
		{6A88B44B-C2E3-4C17-9E1D-E6B40E11C405}.Release|Any CPU.ActiveCfg = Release|Any CPU
		{6A88B44B-C2E3-4C17-9E1D-E6B40E11C405}.Release|Any CPU.Build.0 = Release|Any CPU
		{E70B64D8-3F9F-4EA0-B96C-83E6A9493CEF}.Debug|Any CPU.ActiveCfg = Debug|Any CPU
		{E70B64D8-3F9F-4EA0-B96C-83E6A9493CEF}.Debug|Any CPU.Build.0 = Debug|Any CPU
		{E70B64D8-3F9F-4EA0-B96C-83E6A9493CEF}.Release|Any CPU.ActiveCfg = Release|Any CPU
		{E70B64D8-3F9F-4EA0-B96C-83E6A9493CEF}.Release|Any CPU.Build.0 = Release|Any CPU
		{8D09982F-3FD3-4697-8974-F881D782FD9C}.Debug|Any CPU.ActiveCfg = Debug|Any CPU
		{8D09982F-3FD3-4697-8974-F881D782FD9C}.Debug|Any CPU.Build.0 = Debug|Any CPU
		{8D09982F-3FD3-4697-8974-F881D782FD9C}.Release|Any CPU.ActiveCfg = Release|Any CPU
		{8D09982F-3FD3-4697-8974-F881D782FD9C}.Release|Any CPU.Build.0 = Release|Any CPU
		{69585104-C06B-4C55-8A0A-71008D15087E}.Debug|Any CPU.ActiveCfg = Debug|Any CPU
		{69585104-C06B-4C55-8A0A-71008D15087E}.Debug|Any CPU.Build.0 = Debug|Any CPU
		{69585104-C06B-4C55-8A0A-71008D15087E}.Release|Any CPU.ActiveCfg = Release|Any CPU
		{69585104-C06B-4C55-8A0A-71008D15087E}.Release|Any CPU.Build.0 = Release|Any CPU
		{C753252D-79A2-489F-B719-AB4399938177}.Debug|Any CPU.ActiveCfg = Debug|Any CPU
		{C753252D-79A2-489F-B719-AB4399938177}.Debug|Any CPU.Build.0 = Debug|Any CPU
		{C753252D-79A2-489F-B719-AB4399938177}.Release|Any CPU.ActiveCfg = Release|Any CPU
		{C753252D-79A2-489F-B719-AB4399938177}.Release|Any CPU.Build.0 = Release|Any CPU
		{944A1363-359A-405D-91BE-893A8378863B}.Debug|Any CPU.ActiveCfg = Debug|Any CPU
		{944A1363-359A-405D-91BE-893A8378863B}.Debug|Any CPU.Build.0 = Debug|Any CPU
		{944A1363-359A-405D-91BE-893A8378863B}.Release|Any CPU.ActiveCfg = Release|Any CPU
		{944A1363-359A-405D-91BE-893A8378863B}.Release|Any CPU.Build.0 = Release|Any CPU
		{BB1EB05C-855A-4731-B9BA-328C41EA7C01}.Debug|Any CPU.ActiveCfg = Debug|Any CPU
		{BB1EB05C-855A-4731-B9BA-328C41EA7C01}.Debug|Any CPU.Build.0 = Debug|Any CPU
		{BB1EB05C-855A-4731-B9BA-328C41EA7C01}.Release|Any CPU.ActiveCfg = Release|Any CPU
		{BB1EB05C-855A-4731-B9BA-328C41EA7C01}.Release|Any CPU.Build.0 = Release|Any CPU
		{9866625D-A0E4-41DC-A3EF-E0AA468BA581}.Debug|Any CPU.ActiveCfg = Debug|Any CPU
		{9866625D-A0E4-41DC-A3EF-E0AA468BA581}.Debug|Any CPU.Build.0 = Debug|Any CPU
		{9866625D-A0E4-41DC-A3EF-E0AA468BA581}.Release|Any CPU.ActiveCfg = Release|Any CPU
		{9866625D-A0E4-41DC-A3EF-E0AA468BA581}.Release|Any CPU.Build.0 = Release|Any CPU
		{D116BF5B-24A1-4516-8A2A-B4CBB021C8BF}.Debug|Any CPU.ActiveCfg = Debug|Any CPU
		{D116BF5B-24A1-4516-8A2A-B4CBB021C8BF}.Debug|Any CPU.Build.0 = Debug|Any CPU
		{D116BF5B-24A1-4516-8A2A-B4CBB021C8BF}.Release|Any CPU.ActiveCfg = Release|Any CPU
		{D116BF5B-24A1-4516-8A2A-B4CBB021C8BF}.Release|Any CPU.Build.0 = Release|Any CPU
		{127C569C-98C9-48AC-93BF-C1319E87A713}.Debug|Any CPU.ActiveCfg = Debug|Any CPU
		{127C569C-98C9-48AC-93BF-C1319E87A713}.Debug|Any CPU.Build.0 = Debug|Any CPU
		{127C569C-98C9-48AC-93BF-C1319E87A713}.Release|Any CPU.ActiveCfg = Release|Any CPU
		{127C569C-98C9-48AC-93BF-C1319E87A713}.Release|Any CPU.Build.0 = Release|Any CPU
		{755A26EB-0140-4918-95DA-5ADE7DF88BDD}.Debug|Any CPU.ActiveCfg = Debug|Any CPU
		{755A26EB-0140-4918-95DA-5ADE7DF88BDD}.Debug|Any CPU.Build.0 = Debug|Any CPU
		{755A26EB-0140-4918-95DA-5ADE7DF88BDD}.Release|Any CPU.ActiveCfg = Release|Any CPU
		{755A26EB-0140-4918-95DA-5ADE7DF88BDD}.Release|Any CPU.Build.0 = Release|Any CPU
		{B09BDE70-C458-4743-88C9-A730C66CA974}.Debug|Any CPU.ActiveCfg = Debug|Any CPU
		{B09BDE70-C458-4743-88C9-A730C66CA974}.Debug|Any CPU.Build.0 = Debug|Any CPU
		{B09BDE70-C458-4743-88C9-A730C66CA974}.Release|Any CPU.ActiveCfg = Release|Any CPU
		{B09BDE70-C458-4743-88C9-A730C66CA974}.Release|Any CPU.Build.0 = Release|Any CPU
		{1891CA8E-CE90-4AED-B9DD-3064F0945CA0}.Debug|Any CPU.ActiveCfg = Debug|Any CPU
		{1891CA8E-CE90-4AED-B9DD-3064F0945CA0}.Debug|Any CPU.Build.0 = Debug|Any CPU
		{1891CA8E-CE90-4AED-B9DD-3064F0945CA0}.Release|Any CPU.ActiveCfg = Release|Any CPU
		{1891CA8E-CE90-4AED-B9DD-3064F0945CA0}.Release|Any CPU.Build.0 = Release|Any CPU
	EndGlobalSection
	GlobalSection(SolutionProperties) = preSolution
		HideSolutionNode = FALSE
	EndGlobalSection
	GlobalSection(NestedProjects) = preSolution
		{830DA56A-2E6C-43F2-8944-DB20BC8C33D0} = {D0A09808-82B2-4D8A-9AE1-A7309BEB8F0E}
		{258080F9-F8A2-48F8-A5AE-0D767A0D98EC} = {D0A09808-82B2-4D8A-9AE1-A7309BEB8F0E}
		{E41B3986-6FC4-4092-93EC-5E64BBA36C96} = {D0A09808-82B2-4D8A-9AE1-A7309BEB8F0E}
		{AB883915-6984-4306-BD85-4182B58A1A1C} = {D0A09808-82B2-4D8A-9AE1-A7309BEB8F0E}
		{C1B36B1A-9A68-4DED-BDE9-023D7C25E129} = {D0A09808-82B2-4D8A-9AE1-A7309BEB8F0E}
		{895EE3DF-0361-4775-9081-DB75D5597D19} = {F960F86B-D3B3-47F9-B968-CB7BECE21205}
		{6A88B44B-C2E3-4C17-9E1D-E6B40E11C405} = {F960F86B-D3B3-47F9-B968-CB7BECE21205}
		{E70B64D8-3F9F-4EA0-B96C-83E6A9493CEF} = {F960F86B-D3B3-47F9-B968-CB7BECE21205}
		{8D09982F-3FD3-4697-8974-F881D782FD9C} = {F960F86B-D3B3-47F9-B968-CB7BECE21205}
		{69585104-C06B-4C55-8A0A-71008D15087E} = {F960F86B-D3B3-47F9-B968-CB7BECE21205}
		{C753252D-79A2-489F-B719-AB4399938177} = {0A332AF1-40D0-4519-A842-49BBFDC6FD20}
		{944A1363-359A-405D-91BE-893A8378863B} = {0A332AF1-40D0-4519-A842-49BBFDC6FD20}
		{BB1EB05C-855A-4731-B9BA-328C41EA7C01} = {0A332AF1-40D0-4519-A842-49BBFDC6FD20}
		{9866625D-A0E4-41DC-A3EF-E0AA468BA581} = {0A332AF1-40D0-4519-A842-49BBFDC6FD20}
		{D116BF5B-24A1-4516-8A2A-B4CBB021C8BF} = {E737F9DA-CEC6-4ED9-8A4F-18638DC7410E}
		{127C569C-98C9-48AC-93BF-C1319E87A713} = {E737F9DA-CEC6-4ED9-8A4F-18638DC7410E}
		{755A26EB-0140-4918-95DA-5ADE7DF88BDD} = {E737F9DA-CEC6-4ED9-8A4F-18638DC7410E}
		{B09BDE70-C458-4743-88C9-A730C66CA974} = {E737F9DA-CEC6-4ED9-8A4F-18638DC7410E}
		{1891CA8E-CE90-4AED-B9DD-3064F0945CA0} = {7736FFF5-C5D8-42AA-B104-AAED5A3844A4}
	EndGlobalSection
	GlobalSection(ExtensibilityGlobals) = postSolution
		SolutionGuid = {F5DB695A-5086-4CE0-A096-06E644CA49AD}
	EndGlobalSection
EndGlobal
